dependencies:
- name: kube-prometheus-stack
  repository: https://prometheus-community.github.io/helm-charts
  version: 72.6.2
- name: opentelemetry-collector
  repository: https://open-telemetry.github.io/opentelemetry-helm-charts
  version: 0.125.0
digest: sha256:92f2b64916a88d681fbe7dcb62050a4bc210e5bc87bcd271acfad26d913fefbf
generated: "2025-05-23T20:03:13.431030119+02:00"
